
Microsoft Visual Studio Solution File, Format Version 12.00
# Visual Studio Version 16
VisualStudioVersion = 16.0.30611.23
MinimumVisualStudioVersion = 10.0.40219.1
Project("{FAE04EC0-301F-11D3-BF4B-00C04F79EFBC}") = "Vki.Mushrooms.Light", "Vki.Mushrooms.Light.csproj", "{A62B5F4F-86D7-4B45-8514-5A50CE80B967}"
EndProject
Global
	GlobalSection(SolutionConfigurationPlatforms) = preSolution
		Debug|Any CPU = Debug|Any CPU
		Release|Any CPU = Release|Any CPU
	EndGlobalSection
	GlobalSection(ProjectConfigurationPlatforms) = postSolution
		{A62B5F4F-86D7-4B45-8514-5A50CE80B967}.Debug|Any CPU.ActiveCfg = Debug|Any CPU
		{A62B5F4F-86D7-4B45-8514-5A50CE80B967}.Debug|Any CPU.Build.0 = Debug|Any CPU
		{A62B5F4F-86D7-4B45-8514-5A50CE80B967}.Release|Any CPU.ActiveCfg = Release|Any CPU
		{A62B5F4F-86D7-4B45-8514-5A50CE80B967}.Release|Any CPU.Build.0 = Release|Any CPU
	EndGlobalSection
	GlobalSection(SolutionProperties) = preSolution
		HideSolutionNode = FALSE
	EndGlobalSection
	GlobalSection(ExtensibilityGlobals) = postSolution
		SolutionGuid = {3F849803-D417-4509-875F-350FAA22DC37}
	EndGlobalSection
EndGlobal
